
Microsoft Visual Studio Solution File, Format Version 12.00
# Visual Studio Version 17
VisualStudioVersion = 17.4.33213.308
MinimumVisualStudioVersion = 10.0.40219.1
Project("{FAE04EC0-301F-11D3-BF4B-00C04F79EFBC}") = "MaxTopan_GWRFighter", "MaxTopan_GWRFighter\MaxTopan_GWRFighter.csproj", "{A8E7A9B4-73E6-4AE2-B624-BA974C6CFF80}"
EndProject
Global
	GlobalSection(SolutionConfigurationPlatforms) = preSolution
		Debug|Any CPU = Debug|Any CPU
		Release|Any CPU = Release|Any CPU
	EndGlobalSection
	GlobalSection(ProjectConfigurationPlatforms) = postSolution
		{A8E7A9B4-73E6-4AE2-B624-BA974C6CFF80}.Debug|Any CPU.ActiveCfg = Debug|Any CPU
		{A8E7A9B4-73E6-4AE2-B624-BA974C6CFF80}.Debug|Any CPU.Build.0 = Debug|Any CPU
		{A8E7A9B4-73E6-4AE2-B624-BA974C6CFF80}.Release|Any CPU.ActiveCfg = Release|Any CPU
		{A8E7A9B4-73E6-4AE2-B624-BA974C6CFF80}.Release|Any CPU.Build.0 = Release|Any CPU
	EndGlobalSection
	GlobalSection(SolutionProperties) = preSolution
		HideSolutionNode = FALSE
	EndGlobalSection
	GlobalSection(ExtensibilityGlobals) = postSolution
		SolutionGuid = {1A2E1EC7-1627-4061-9C81-604EDC3945F9}
	EndGlobalSection
EndGlobal
